
Microsoft Visual Studio Solution File, Format Version 12.00
# Visual Studio 15
VisualStudioVersion = 15.0.27428.2043
MinimumVisualStudioVersion = 10.0.40219.1
Project("{FAE04EC0-301F-11D3-BF4B-00C04F79EFBC}") = "wfcPoryectoSCIP", "wfcPoryectoSCIP\wfcPoryectoSCIP.csproj", "{61F0E7AC-4961-4D2E-B7DE-89B1CA7ECA53}"
EndProject
Global
	GlobalSection(SolutionConfigurationPlatforms) = preSolution
		Debug|Any CPU = Debug|Any CPU
		Release|Any CPU = Release|Any CPU
	EndGlobalSection
	GlobalSection(ProjectConfigurationPlatforms) = postSolution
		{61F0E7AC-4961-4D2E-B7DE-89B1CA7ECA53}.Debug|Any CPU.ActiveCfg = Debug|Any CPU
		{61F0E7AC-4961-4D2E-B7DE-89B1CA7ECA53}.Debug|Any CPU.Build.0 = Debug|Any CPU
		{61F0E7AC-4961-4D2E-B7DE-89B1CA7ECA53}.Release|Any CPU.ActiveCfg = Release|Any CPU
		{61F0E7AC-4961-4D2E-B7DE-89B1CA7ECA53}.Release|Any CPU.Build.0 = Release|Any CPU
	EndGlobalSection
	GlobalSection(SolutionProperties) = preSolution
		HideSolutionNode = FALSE
	EndGlobalSection
	GlobalSection(ExtensibilityGlobals) = postSolution
		SolutionGuid = {043D9409-9038-411C-9837-5FC0B6693A30}
	EndGlobalSection
EndGlobal
